
Microsoft Visual Studio Solution File, Format Version 12.00
# Visual Studio Version 17
VisualStudioVersion = 17.13.35825.156
MinimumVisualStudioVersion = 10.0.40219.1
Project("{FAE04EC0-301F-11D3-BF4B-00C04F79EFBC}") = "OelianderUI", "OelianderUI.csproj", "{6313D5D8-F25B-4220-0FBF-7149A85E7C62}"
EndProject
Project("{FAE04EC0-301F-11D3-BF4B-00C04F79EFBC}") = "OelianderUI.Core", "..\App2.Core\OelianderUI.Core.csproj", "{26E4F3A2-8CE2-3747-88CB-FE00CB4096CF}"
EndProject
Global
	GlobalSection(SolutionConfigurationPlatforms) = preSolution
		Debug|Any CPU = Debug|Any CPU
		Release|Any CPU = Release|Any CPU
	EndGlobalSection
	GlobalSection(ProjectConfigurationPlatforms) = postSolution
		{6313D5D8-F25B-4220-0FBF-7149A85E7C62}.Debug|Any CPU.ActiveCfg = Debug|Any CPU
		{6313D5D8-F25B-4220-0FBF-7149A85E7C62}.Debug|Any CPU.Build.0 = Debug|Any CPU
		{6313D5D8-F25B-4220-0FBF-7149A85E7C62}.Release|Any CPU.ActiveCfg = Release|Any CPU
		{6313D5D8-F25B-4220-0FBF-7149A85E7C62}.Release|Any CPU.Build.0 = Release|Any CPU
		{26E4F3A2-8CE2-3747-88CB-FE00CB4096CF}.Debug|Any CPU.ActiveCfg = Debug|Any CPU
		{26E4F3A2-8CE2-3747-88CB-FE00CB4096CF}.Debug|Any CPU.Build.0 = Debug|Any CPU
		{26E4F3A2-8CE2-3747-88CB-FE00CB4096CF}.Release|Any CPU.ActiveCfg = Release|Any CPU
		{26E4F3A2-8CE2-3747-88CB-FE00CB4096CF}.Release|Any CPU.Build.0 = Release|Any CPU
	EndGlobalSection
	GlobalSection(SolutionProperties) = preSolution
		HideSolutionNode = FALSE
	EndGlobalSection
	GlobalSection(ExtensibilityGlobals) = postSolution
		SolutionGuid = {DF1131B8-2CCE-455C-9C57-75D2A2F3DF12}
	EndGlobalSection
EndGlobal
